# This file is automatically @generated by Poetry and should not be changed by hand.

[[package]]
name = "commonmark"
version = "0.9.1"
description = "Python parser for the CommonMark Markdown spec"
category = "main"
optional = false
python-versions = "*"
files = [
    {file = "commonmark-0.9.1-py2.py3-none-any.whl", hash = "sha256:da2f38c92590f83de410ba1a3cbceafbc74fee9def35f9251ba9a971d6d66fd9"},
    {file = "commonmark-0.9.1.tar.gz", hash = "sha256:452f9dc859be7f06631ddcb328b6919c67984aca654e5fefb3914d54691aed60"},
]

[package.extras]
test = ["flake8 (==3.7.8)", "hypothesis (==3.55.3)"]

[[package]]
name = "debugpy"
version = "1.6.4"
description = "An implementation of the Debug Adapter Protocol for Python"
category = "main"
optional = false
python-versions = ">=3.7"
files = [
    {file = "debugpy-1.6.4-cp310-cp310-macosx_10_15_x86_64.whl", hash = "sha256:6ae238943482c78867ac707c09122688efb700372b617ffd364261e5e41f7a2f"},
    {file = "debugpy-1.6.4-cp310-cp310-manylinux_2_17_x86_64.manylinux2014_x86_64.whl", hash = "sha256:2a39e7da178e1f22f4bc04b57f085e785ed1bcf424aaf318835a1a7129eefe35"},
    {file = "debugpy-1.6.4-cp310-cp310-win32.whl", hash = "sha256:143f79d0798a9acea21cd1d111badb789f19d414aec95fa6389cfea9485ddfb1"},
    {file = "debugpy-1.6.4-cp310-cp310-win_amd64.whl", hash = "sha256:563f148f94434365ec0ce94739c749aabf60bf67339e68a9446499f3582d62f3"},
    {file = "debugpy-1.6.4-cp37-cp37m-macosx_10_15_x86_64.whl", hash = "sha256:1caee68f7e254267df908576c0d0938f8f88af16383f172cb9f0602e24c30c01"},
    {file = "debugpy-1.6.4-cp37-cp37m-manylinux_2_17_x86_64.manylinux2014_x86_64.whl", hash = "sha256:40e2a83d31a16b83666f19fa06d97b2cc311af88e6266590579737949971a17e"},
    {file = "debugpy-1.6.4-cp37-cp37m-win32.whl", hash = "sha256:82229790442856962aec4767b98ba2559fe0998f897e9f21fb10b4fd24b6c436"},
    {file = "debugpy-1.6.4-cp37-cp37m-win_amd64.whl", hash = "sha256:67edf033f9e512958f7b472975ff9d9b7ff64bf4440f6f6ae44afdc66b89e6b6"},
    {file = "debugpy-1.6.4-cp38-cp38-macosx_10_15_x86_64.whl", hash = "sha256:4ab5e938925e5d973f567d6ef32751b17d10f3be3a8c4d73c52f53e727f69bf1"},
    {file = "debugpy-1.6.4-cp38-cp38-manylinux_2_17_x86_64.manylinux2014_x86_64.whl", hash = "sha256:d8df268e9f72fc06efc2e75e8dc8e2b881d6a397356faec26efb2ee70b6863b7"},
    {file = "debugpy-1.6.4-cp38-cp38-win32.whl", hash = "sha256:86bd25f38f8b6c5d430a5e2931eebbd5f580c640f4819fcd236d0498790c7204"},
    {file = "debugpy-1.6.4-cp38-cp38-win_amd64.whl", hash = "sha256:62ba4179b372a62abf9c89b56997d70a4100c6dea6c2a4e0e4be5f45920b3253"},
    {file = "debugpy-1.6.4-cp39-cp39-macosx_10_15_x86_64.whl", hash = "sha256:d2968e589bda4e485a9c61f113754a28e48d88c5152ed8e0b2564a1fadbe50a5"},
    {file = "debugpy-1.6.4-cp39-cp39-manylinux_2_17_x86_64.manylinux2014_x86_64.whl", hash = "sha256:e62b8034ede98932b92268669318848a0d42133d857087a3b9cec03bb844c615"},
    {file = "debugpy-1.6.4-cp39-cp39-win32.whl", hash = "sha256:3d9c31baf64bf959a593996c108e911c5a9aa1693a296840e5469473f064bcec"},
    {file = "debugpy-1.6.4-cp39-cp39-win_amd64.whl", hash = "sha256:ea4bf208054e6d41749f17612066da861dff10102729d32c85b47f155223cf2b"},
    {file = "debugpy-1.6.4-py2.py3-none-any.whl", hash = "sha256:e886a1296cd20a10172e94788009ce74b759e54229ebd64a43fa5c2b4e62cd76"},
    {file = "debugpy-1.6.4.zip", hash = "sha256:d5ab9bd3f4e7faf3765fd52c7c43c074104ab1e109621dc73219099ed1a5399d"},
]

[[package]]
name = "pyaes"
version = "1.6.1"
description = "Pure-Python Implementation of the AES block-cipher and common modes of operation"
category = "main"
optional = false
python-versions = "*"
files = [
    {file = "pyaes-1.6.1.tar.gz", hash = "sha256:02c1b1405c38d3c370b085fb952dd8bea3fadcee6411ad99f312cc129c536d8f"},
]

[[package]]
name = "pyasn1"
version = "0.4.8"
description = "ASN.1 types and codecs"
category = "main"
optional = false
python-versions = "*"
files = [
    {file = "pyasn1-0.4.8-py2.py3-none-any.whl", hash = "sha256:39c7e2ec30515947ff4e87fb6f456dfc6e84857d34be479c9d4a4ba4bf46aa5d"},
    {file = "pyasn1-0.4.8.tar.gz", hash = "sha256:aef77c9fb94a3ac588e87841208bdec464471d9871bd5050a287cc9a475cd0ba"},
]

[[package]]
name = "pygments"
version = "2.13.0"
description = "Pygments is a syntax highlighting package written in Python."
category = "main"
optional = false
python-versions = ">=3.6"
files = [
    {file = "Pygments-2.13.0-py3-none-any.whl", hash = "sha256:f643f331ab57ba3c9d89212ee4a2dabc6e94f117cf4eefde99a0574720d14c42"},
    {file = "Pygments-2.13.0.tar.gz", hash = "sha256:56a8508ae95f98e2b9bdf93a6be5ae3f7d8af858b43e02c5a2ff083726be40c1"},
]

[package.extras]
plugins = ["importlib-metadata"]

[[package]]
name = "python-dotenv"
version = "0.21.0"
description = "Read key-value pairs from a .env file and set them as environment variables"
category = "main"
optional = false
python-versions = ">=3.7"
files = [
    {file = "python-dotenv-0.21.0.tar.gz", hash = "sha256:b77d08274639e3d34145dfa6c7008e66df0f04b7be7a75fd0d5292c191d79045"},
    {file = "python_dotenv-0.21.0-py3-none-any.whl", hash = "sha256:1684eb44636dd462b66c3ee016599815514527ad99965de77f43e0944634a7e5"},
]

[package.extras]
cli = ["click (>=5.0)"]

[[package]]
name = "rich"
version = "12.6.0"
description = "Render rich text, tables, progress bars, syntax highlighting, markdown and more to the terminal"
category = "main"
optional = false
python-versions = ">=3.6.3,<4.0.0"
files = [
    {file = "rich-12.6.0-py3-none-any.whl", hash = "sha256:a4eb26484f2c82589bd9a17c73d32a010b1e29d89f1604cd9bf3a2097b81bb5e"},
    {file = "rich-12.6.0.tar.gz", hash = "sha256:ba3a3775974105c221d31141f2c116f4fd65c5ceb0698657a11e9f295ec93fd0"},
]

[package.dependencies]
commonmark = ">=0.9.0,<0.10.0"
pygments = ">=2.6.0,<3.0.0"

[package.extras]
jupyter = ["ipywidgets (>=7.5.1,<8.0.0)"]

[[package]]
name = "rsa"
version = "4.9"
description = "Pure-Python RSA implementation"
category = "main"
optional = false
python-versions = ">=3.6,<4"
files = [
    {file = "rsa-4.9-py3-none-any.whl", hash = "sha256:90260d9058e514786967344d0ef75fa8727eed8a7d2e43ce9f4bcf1b536174f7"},
    {file = "rsa-4.9.tar.gz", hash = "sha256:e38464a49c6c85d7f1351b0126661487a7e0a14a50f1675ec50eb34d4f20ef21"},
]

[package.dependencies]
pyasn1 = ">=0.1.3"

[[package]]
name = "telethon"
version = "1.26.0"
description = "Full-featured Telegram client library for Python 3"
category = "main"
optional = false
python-versions = ">=3.5"
files = [
    {file = "Telethon-1.26.0-py3-none-any.whl", hash = "sha256:148ac8c27908853d5d8a116d55ce947e9ba167bb697c75226ae95645b2e5a504"},
    {file = "Telethon-1.26.0.tar.gz", hash = "sha256:de7a1619110a2c06390fb5340839c6503c6b108b5f1a2f3bbe1ef60f02cecacb"},
]

[package.dependencies]
pyaes = "*"
rsa = "*"

[package.extras]
cryptg = ["cryptg"]

[metadata]
lock-version = "2.0"
python-versions = "^3.11"
content-hash = "e4d4d4d75feaa887220210fb541f4f098b2058f4057dd1e8ea0d3918699a469c"
